
Microsoft Visual Studio Solution File, Format Version 11.00
# Visual Studio 2010
Project("{73443E56-3503-11DE-B03D-001DBA02A2FC}") = "hxndll_md", "hxndll_md.hxproj", "{6CF2FD1A-B881-49CA-9DC1-F2D77E11BC16}"
EndProject
Global
	GlobalSection(SolutionConfigurationPlatforms) = preSolution
		Debug|Any CPU = Debug|Any CPU
		Release|Any CPU = Release|Any CPU
	EndGlobalSection
	GlobalSection(ProjectConfigurationPlatforms) = postSolution
		{6CF2FD1A-B881-49CA-9DC1-F2D77E11BC16}.Debug|Any CPU.ActiveCfg = Debug|Any CPU
		{6CF2FD1A-B881-49CA-9DC1-F2D77E11BC16}.Debug|Any CPU.Build.0 = Debug|Any CPU
		{6CF2FD1A-B881-49CA-9DC1-F2D77E11BC16}.Release|Any CPU.ActiveCfg = Release|Any CPU
		{6CF2FD1A-B881-49CA-9DC1-F2D77E11BC16}.Release|Any CPU.Build.0 = Release|Any CPU
	EndGlobalSection
	GlobalSection(MonoDevelopProperties) = preSolution
		StartupItem = hxndll_md.hxproj
	EndGlobalSection
EndGlobal
